// !$*UTF8*$!
{
	archiveVersion = 1;
	classes = {
	};
	objectVersion = 46;
	objects = {

/* Begin PBXAggregateTarget section */
		2932A0FF1B52B45700A71171 /* CatchingFire iOS */ = {
			isa = PBXAggregateTarget;
			buildConfigurationList = 2932A1021B52B45700A71171 /* Build configuration list for PBXAggregateTarget "CatchingFire iOS" */;
			buildPhases = (
				2932A10C1B52BD0D00A71171 /* Build Framework */,
			);
			dependencies = (
			);
			name = "CatchingFire iOS";
			productName = "CatchingFire iOS";
		};
		2932A1051B52B6AE00A71171 /* CatchingFire OS X */ = {
			isa = PBXAggregateTarget;
			buildConfigurationList = 2932A1081B52B6AE00A71171 /* Build configuration list for PBXAggregateTarget "CatchingFire OS X" */;
			buildPhases = (
				2932A10B1B52BB8200A71171 /* Build Framework */,
			);
			dependencies = (
			);
			name = "CatchingFire OS X";
			productName = "CatchingFire iOS";
		};
/* End PBXAggregateTarget section */

/* Begin PBXBuildFile section */
		29673D031B4C381300EC2043 /* CatchingFire.h in Headers */ = {isa = PBXBuildFile; fileRef = 29673D021B4C381300EC2043 /* CatchingFire.h */; settings = {ATTRIBUTES = (Public, ); }; };
		29673D0A1B4C381300EC2043 /* CatchingFire.framework in Frameworks */ = {isa = PBXBuildFile; fileRef = 29673CFF1B4C381300EC2043 /* CatchingFire.framework */; };
		29673D0F1B4C381300EC2043 /* CatchingFireTests.swift in Sources */ = {isa = PBXBuildFile; fileRef = 29673D0E1B4C381300EC2043 /* CatchingFireTests.swift */; };
		29673D1A1B4C382200EC2043 /* CatchingFire.swift in Sources */ = {isa = PBXBuildFile; fileRef = 29673D191B4C382200EC2043 /* CatchingFire.swift */; };
		29A2CEFC1B4EA3D10084D2DB /* ExampleTests.swift in Sources */ = {isa = PBXBuildFile; fileRef = 29A2CEFB1B4EA3D10084D2DB /* ExampleTests.swift */; };
/* End PBXBuildFile section */

/* Begin PBXContainerItemProxy section */
		29673D0B1B4C381300EC2043 /* PBXContainerItemProxy */ = {
			isa = PBXContainerItemProxy;
			containerPortal = 29673CF61B4C381300EC2043 /* Project object */;
			proxyType = 1;
			remoteGlobalIDString = 29673CFE1B4C381300EC2043;
			remoteInfo = CatchingFire;
		};
/* End PBXContainerItemProxy section */

/* Begin PBXFileReference section */
		2932A0FB1B52ABE800A71171 /* UniversalFramework_Base.xcconfig */ = {isa = PBXFileReference; lastKnownFileType = text.xcconfig; path = UniversalFramework_Base.xcconfig; sourceTree = "<group>"; };
		2932A0FC1B52ABE800A71171 /* UniversalFramework_Framework.xcconfig */ = {isa = PBXFileReference; lastKnownFileType = text.xcconfig; path = UniversalFramework_Framework.xcconfig; sourceTree = "<group>"; };
		2932A0FD1B52ABE800A71171 /* UniversalFramework_Test.xcconfig */ = {isa = PBXFileReference; lastKnownFileType = text.xcconfig; path = UniversalFramework_Test.xcconfig; sourceTree = "<group>"; };
		2932A10D1B52CB0800A71171 /* CatchingFire.podspec */ = {isa = PBXFileReference; explicitFileType = text.script.ruby; indentWidth = 2; path = CatchingFire.podspec; sourceTree = "<group>"; tabWidth = 2; };
		29673CFF1B4C381300EC2043 /* CatchingFire.framework */ = {isa = PBXFileReference; explicitFileType = wrapper.framework; includeInIndex = 0; path = CatchingFire.framework; sourceTree = BUILT_PRODUCTS_DIR; };
		29673D021B4C381300EC2043 /* CatchingFire.h */ = {isa = PBXFileReference; lastKnownFileType = sourcecode.c.h; path = CatchingFire.h; sourceTree = "<group>"; };
		29673D041B4C381300EC2043 /* Info.plist */ = {isa = PBXFileReference; lastKnownFileType = text.plist.xml; path = Info.plist; sourceTree = "<group>"; };
		29673D091B4C381300EC2043 /* CatchingFireTests.xctest */ = {isa = PBXFileReference; explicitFileType = wrapper.cfbundle; includeInIndex = 0; path = CatchingFireTests.xctest; sourceTree = BUILT_PRODUCTS_DIR; };
		29673D0E1B4C381300EC2043 /* CatchingFireTests.swift */ = {isa = PBXFileReference; lastKnownFileType = sourcecode.swift; path = CatchingFireTests.swift; sourceTree = "<group>"; };
		29673D101B4C381300EC2043 /* Info.plist */ = {isa = PBXFileReference; lastKnownFileType = text.plist.xml; path = Info.plist; sourceTree = "<group>"; };
		29673D191B4C382200EC2043 /* CatchingFire.swift */ = {isa = PBXFileReference; fileEncoding = 4; lastKnownFileType = sourcecode.swift; path = CatchingFire.swift; sourceTree = "<group>"; };
		29A2CEFB1B4EA3D10084D2DB /* ExampleTests.swift */ = {isa = PBXFileReference; fileEncoding = 4; lastKnownFileType = sourcecode.swift; path = ExampleTests.swift; sourceTree = "<group>"; };
/* End PBXFileReference section */

/* Begin PBXFrameworksBuildPhase section */
		29673CFB1B4C381300EC2043 /* Frameworks */ = {
			isa = PBXFrameworksBuildPhase;
			buildActionMask = 2147483647;
			files = (
			);
			runOnlyForDeploymentPostprocessing = 0;
		};
		29673D061B4C381300EC2043 /* Frameworks */ = {
			isa = PBXFrameworksBuildPhase;
			buildActionMask = 2147483647;
			files = (
				29673D0A1B4C381300EC2043 /* CatchingFire.framework in Frameworks */,
			);
			runOnlyForDeploymentPostprocessing = 0;
		};
/* End PBXFrameworksBuildPhase section */

/* Begin PBXGroup section */
		2932A0F81B52ABE800A71171 /* xcconfigs */ = {
			isa = PBXGroup;
			children = (
				2932A0FB1B52ABE800A71171 /* UniversalFramework_Base.xcconfig */,
				2932A0FC1B52ABE800A71171 /* UniversalFramework_Framework.xcconfig */,
				2932A0FD1B52ABE800A71171 /* UniversalFramework_Test.xcconfig */,
			);
			path = xcconfigs;
			sourceTree = "<group>";
		};
		29673CF51B4C381300EC2043 = {
			isa = PBXGroup;
			children = (
				2932A10D1B52CB0800A71171 /* CatchingFire.podspec */,
				29673D011B4C381300EC2043 /* CatchingFire */,
				29673D0D1B4C381300EC2043 /* CatchingFireTests */,
				2932A0F81B52ABE800A71171 /* xcconfigs */,
				29673D001B4C381300EC2043 /* Products */,
			);
			sourceTree = "<group>";
		};
		29673D001B4C381300EC2043 /* Products */ = {
			isa = PBXGroup;
			children = (
				29673CFF1B4C381300EC2043 /* CatchingFire.framework */,
				29673D091B4C381300EC2043 /* CatchingFireTests.xctest */,
			);
			name = Products;
			sourceTree = "<group>";
		};
		29673D011B4C381300EC2043 /* CatchingFire */ = {
			isa = PBXGroup;
			children = (
				29673D021B4C381300EC2043 /* CatchingFire.h */,
				29673D191B4C382200EC2043 /* CatchingFire.swift */,
				29673D041B4C381300EC2043 /* Info.plist */,
			);
			name = CatchingFire;
			path = src;
			sourceTree = "<group>";
		};
		29673D0D1B4C381300EC2043 /* CatchingFireTests */ = {
			isa = PBXGroup;
			children = (
				29673D0E1B4C381300EC2043 /* CatchingFireTests.swift */,
				29A2CEFB1B4EA3D10084D2DB /* ExampleTests.swift */,
				29673D101B4C381300EC2043 /* Info.plist */,
			);
			name = CatchingFireTests;
			path = test;
			sourceTree = "<group>";
		};
/* End PBXGroup section */

/* Begin PBXHeadersBuildPhase section */
		29673CFC1B4C381300EC2043 /* Headers */ = {
			isa = PBXHeadersBuildPhase;
			buildActionMask = 2147483647;
			files = (
				29673D031B4C381300EC2043 /* CatchingFire.h in Headers */,
			);
			runOnlyForDeploymentPostprocessing = 0;
		};
/* End PBXHeadersBuildPhase section */

/* Begin PBXNativeTarget section */
		29673CFE1B4C381300EC2043 /* CatchingFire */ = {
			isa = PBXNativeTarget;
			buildConfigurationList = 29673D131B4C381300EC2043 /* Build configuration list for PBXNativeTarget "CatchingFire" */;
			buildPhases = (
				2932A0FE1B52ADFE00A71171 /* ShellScript */,
				29673CFA1B4C381300EC2043 /* Sources */,
				29673CFB1B4C381300EC2043 /* Frameworks */,
				29673CFC1B4C381300EC2043 /* Headers */,
				29673CFD1B4C381300EC2043 /* Resources */,
			);
			buildRules = (
			);
			dependencies = (
			);
			name = CatchingFire;
			productName = CatchingFire;
			productReference = 29673CFF1B4C381300EC2043 /* CatchingFire.framework */;
			productType = "com.apple.product-type.framework";
		};
		29673D081B4C381300EC2043 /* CatchingFireTests */ = {
			isa = PBXNativeTarget;
			buildConfigurationList = 29673D161B4C381300EC2043 /* Build configuration list for PBXNativeTarget "CatchingFireTests" */;
			buildPhases = (
				29673D051B4C381300EC2043 /* Sources */,
				29673D061B4C381300EC2043 /* Frameworks */,
				29673D071B4C381300EC2043 /* Resources */,
			);
			buildRules = (
			);
			dependencies = (
				29673D0C1B4C381300EC2043 /* PBXTargetDependency */,
			);
			name = CatchingFireTests;
			productName = CatchingFireTests;
			productReference = 29673D091B4C381300EC2043 /* CatchingFireTests.xctest */;
			productType = "com.apple.product-type.bundle.unit-test";
		};
/* End PBXNativeTarget section */

/* Begin PBXProject section */
		29673CF61B4C381300EC2043 /* Project object */ = {
			isa = PBXProject;
			attributes = {
				LastSwiftUpdateCheck = 0700;
				LastUpgradeCheck = 0700;
				ORGANIZATIONNAME = "Marius Rackwitz";
				TargetAttributes = {
					2932A0FF1B52B45700A71171 = {
						CreatedOnToolsVersion = 7.0;
					};
					29673CFE1B4C381300EC2043 = {
						CreatedOnToolsVersion = 7.0;
					};
					29673D081B4C381300EC2043 = {
						CreatedOnToolsVersion = 7.0;
					};
				};
			};
			buildConfigurationList = 29673CF91B4C381300EC2043 /* Build configuration list for PBXProject "CatchingFire" */;
			compatibilityVersion = "Xcode 3.2";
			developmentRegion = English;
			hasScannedForEncodings = 0;
			knownRegions = (
				en,
			);
			mainGroup = 29673CF51B4C381300EC2043;
			productRefGroup = 29673D001B4C381300EC2043 /* Products */;
			projectDirPath = "";
			projectRoot = "";
			targets = (
				29673CFE1B4C381300EC2043 /* CatchingFire */,
				29673D081B4C381300EC2043 /* CatchingFireTests */,
				2932A0FF1B52B45700A71171 /* CatchingFire iOS */,
				2932A1051B52B6AE00A71171 /* CatchingFire OS X */,
			);
		};
/* End PBXProject section */

/* Begin PBXResourcesBuildPhase section */
		29673CFD1B4C381300EC2043 /* Resources */ = {
			isa = PBXResourcesBuildPhase;
			buildActionMask = 2147483647;
			files = (
			);
			runOnlyForDeploymentPostprocessing = 0;
		};
		29673D071B4C381300EC2043 /* Resources */ = {
			isa = PBXResourcesBuildPhase;
			buildActionMask = 2147483647;
			files = (
			);
			runOnlyForDeploymentPostprocessing = 0;
		};
/* End PBXResourcesBuildPhase section */

/* Begin PBXShellScriptBuildPhase section */
		2932A0FE1B52ADFE00A71171 /* ShellScript */ = {
			isa = PBXShellScriptBuildPhase;
			buildActionMask = 2147483647;
			files = (
			);
			inputPaths = (
			);
			outputPaths = (
			);
			runOnlyForDeploymentPostprocessing = 0;
			shellPath = /bin/sh;
			shellScript = "exit 0";
		};
		2932A10B1B52BB8200A71171 /* Build Framework */ = {
			isa = PBXShellScriptBuildPhase;
			buildActionMask = 2147483647;
			files = (
			);
			inputPaths = (
			);
			name = "Build Framework";
			outputPaths = (
			);
			runOnlyForDeploymentPostprocessing = 0;
			shellPath = /bin/sh;
			shellScript = "xcodebuild build -sdk macosx";
			showEnvVarsInLog = 0;
		};
		2932A10C1B52BD0D00A71171 /* Build Framework */ = {
			isa = PBXShellScriptBuildPhase;
			buildActionMask = 2147483647;
			files = (
			);
			inputPaths = (
			);
			name = "Build Framework";
			outputPaths = (
			);
			runOnlyForDeploymentPostprocessing = 0;
			shellPath = /bin/sh;
			shellScript = "xcodebuild build -sdk iphoneos";
			showEnvVarsInLog = 0;
		};
/* End PBXShellScriptBuildPhase section */

/* Begin PBXSourcesBuildPhase section */
		29673CFA1B4C381300EC2043 /* Sources */ = {
			isa = PBXSourcesBuildPhase;
			buildActionMask = 2147483647;
			files = (
				29673D1A1B4C382200EC2043 /* CatchingFire.swift in Sources */,
			);
			runOnlyForDeploymentPostprocessing = 0;
		};
		29673D051B4C381300EC2043 /* Sources */ = {
			isa = PBXSourcesBuildPhase;
			buildActionMask = 2147483647;
			files = (
				29A2CEFC1B4EA3D10084D2DB /* ExampleTests.swift in Sources */,
				29673D0F1B4C381300EC2043 /* CatchingFireTests.swift in Sources */,
			);
			runOnlyForDeploymentPostprocessing = 0;
		};
/* End PBXSourcesBuildPhase section */

/* Begin PBXTargetDependency section */
		29673D0C1B4C381300EC2043 /* PBXTargetDependency */ = {
			isa = PBXTargetDependency;
			target = 29673CFE1B4C381300EC2043 /* CatchingFire */;
			targetProxy = 29673D0B1B4C381300EC2043 /* PBXContainerItemProxy */;
		};
/* End PBXTargetDependency section */

/* Begin XCBuildConfiguration section */
		2932A1001B52B45700A71171 /* Debug */ = {
			isa = XCBuildConfiguration;
			buildSettings = {
				PRODUCT_NAME = "$(TARGET_NAME)";
			};
			name = Debug;
		};
		2932A1011B52B45700A71171 /* Release */ = {
			isa = XCBuildConfiguration;
			buildSettings = {
				PRODUCT_NAME = "$(TARGET_NAME)";
			};
			name = Release;
		};
		2932A1091B52B6AE00A71171 /* Debug */ = {
			isa = XCBuildConfiguration;
			buildSettings = {
				PRODUCT_NAME = "$(TARGET_NAME)";
			};
			name = Debug;
		};
		2932A10A1B52B6AE00A71171 /* Release */ = {
			isa = XCBuildConfiguration;
			buildSettings = {
				PRODUCT_NAME = "$(TARGET_NAME)";
			};
			name = Release;
		};
		29673D111B4C381300EC2043 /* Debug */ = {
			isa = XCBuildConfiguration;
			baseConfigurationReference = 2932A0FB1B52ABE800A71171 /* UniversalFramework_Base.xcconfig */;
			buildSettings = {
				ALWAYS_SEARCH_USER_PATHS = NO;
				CLANG_CXX_LANGUAGE_STANDARD = "gnu++0x";
				CLANG_CXX_LIBRARY = "libc++";
				CLANG_ENABLE_MODULES = YES;
				CLANG_ENABLE_OBJC_ARC = YES;
				CLANG_WARN_BOOL_CONVERSION = YES;
				CLANG_WARN_CONSTANT_CONVERSION = YES;
				CLANG_WARN_DIRECT_OBJC_ISA_USAGE = YES_ERROR;
				CLANG_WARN_EMPTY_BODY = YES;
				CLANG_WARN_ENUM_CONVERSION = YES;
				CLANG_WARN_INT_CONVERSION = YES;
				CLANG_WARN_OBJC_ROOT_CLASS = YES_ERROR;
				CLANG_WARN_UNREACHABLE_CODE = YES;
				CLANG_WARN__DUPLICATE_METHOD_MATCH = YES;
				"CODE_SIGN_IDENTITY[sdk=iphoneos*]" = "iPhone Developer";
				COPY_PHASE_STRIP = NO;
				CURRENT_PROJECT_VERSION = 1;
				DEBUG_INFORMATION_FORMAT = dwarf;
				ENABLE_STRICT_OBJC_MSGSEND = YES;
				ENABLE_TESTABILITY = YES;
				GCC_C_LANGUAGE_STANDARD = gnu99;
				GCC_NO_COMMON_BLOCKS = YES;
				GCC_OPTIMIZATION_LEVEL = 0;
				GCC_PREPROCESSOR_DEFINITIONS = (
					"DEBUG=1",
					"$(inherited)",
				);
				GCC_WARN_64_TO_32_BIT_CONVERSION = YES;
				GCC_WARN_ABOUT_RETURN_TYPE = YES_ERROR;
				GCC_WARN_UNDECLARED_SELECTOR = YES;
				GCC_WARN_UNINITIALIZED_AUTOS = YES_AGGRESSIVE;
				GCC_WARN_UNUSED_FUNCTION = YES;
				GCC_WARN_UNUSED_VARIABLE = YES;
				IPHONEOS_DEPLOYMENT_TARGET = 9.0;
				MACOSX_DEPLOYMENT_TARGET = 10.10;
				MTL_ENABLE_DEBUG_INFO = YES;
				ONLY_ACTIVE_ARCH = YES;
				SWIFT_OPTIMIZATION_LEVEL = "-Onone";
				VERSIONING_SYSTEM = "apple-generic";
				VERSION_INFO_PREFIX = "";
			};
			name = Debug;
		};
		29673D121B4C381300EC2043 /* Release */ = {
			isa = XCBuildConfiguration;
			baseConfigurationReference = 2932A0FB1B52ABE800A71171 /* UniversalFramework_Base.xcconfig */;
			buildSettings = {
				ALWAYS_SEARCH_USER_PATHS = NO;
				CLANG_CXX_LANGUAGE_STANDARD = "gnu++0x";
				CLANG_CXX_LIBRARY = "libc++";
				CLANG_ENABLE_MODULES = YES;
				CLANG_ENABLE_OBJC_ARC = YES;
				CLANG_WARN_BOOL_CONVERSION = YES;
				CLANG_WARN_CONSTANT_CONVERSION = YES;
				CLANG_WARN_DIRECT_OBJC_ISA_USAGE = YES_ERROR;
				CLANG_WARN_EMPTY_BODY = YES;
				CLANG_WARN_ENUM_CONVERSION = YES;
				CLANG_WARN_INT_CONVERSION = YES;
				CLANG_WARN_OBJC_ROOT_CLASS = YES_ERROR;
				CLANG_WARN_UNREACHABLE_CODE = YES;
				CLANG_WARN__DUPLICATE_METHOD_MATCH = YES;
				"CODE_SIGN_IDENTITY[sdk=iphoneos*]" = "iPhone Developer";
				COPY_PHASE_STRIP = NO;
				CURRENT_PROJECT_VERSION = 1;
				DEBUG_INFORMATION_FORMAT = "dwarf-with-dsym";
				ENABLE_NS_ASSERTIONS = NO;
				ENABLE_STRICT_OBJC_MSGSEND = YES;
				GCC_C_LANGUAGE_STANDARD = gnu99;
				GCC_NO_COMMON_BLOCKS = YES;
				GCC_WARN_64_TO_32_BIT_CONVERSION = YES;
				GCC_WARN_ABOUT_RETURN_TYPE = YES_ERROR;
				GCC_WARN_UNDECLARED_SELECTOR = YES;
				GCC_WARN_UNINITIALIZED_AUTOS = YES_AGGRESSIVE;
				GCC_WARN_UNUSED_FUNCTION = YES;
				GCC_WARN_UNUSED_VARIABLE = YES;
				IPHONEOS_DEPLOYMENT_TARGET = 9.0;
				MACOSX_DEPLOYMENT_TARGET = 10.10;
				MTL_ENABLE_DEBUG_INFO = NO;
				VALIDATE_PRODUCT = YES;
				VERSIONING_SYSTEM = "apple-generic";
				VERSION_INFO_PREFIX = "";
			};
			name = Release;
		};
		29673D141B4C381300EC2043 /* Debug */ = {
			isa = XCBuildConfiguration;
			baseConfigurationReference = 2932A0FC1B52ABE800A71171 /* UniversalFramework_Framework.xcconfig */;
			buildSettings = {
				CLANG_ENABLE_MODULES = YES;
				CURRENT_PROJECT_VERSION = 0.2.0;
				DEFINES_MODULE = YES;
				DYLIB_COMPATIBILITY_VERSION = 1;
				DYLIB_CURRENT_VERSION = "$(CURRENT_PROJECT_VERSION)";
				DYLIB_INSTALL_NAME_BASE = "@rpath";
				FRAMEWORK_SEARCH_PATHS = (
					"$(PLATFORM_DIR)/Developer/Library/Frameworks",
					"$(inherited)",
				);
				INFOPLIST_FILE = src/Info.plist;
				INSTALL_PATH = "$(LOCAL_LIBRARY_DIR)/Frameworks";
				PRODUCT_BUNDLE_IDENTIFIER = de.mariusrackwitz.CatchingFire;
				PRODUCT_NAME = "$(TARGET_NAME)";
				SKIP_INSTALL = YES;
				SWIFT_OPTIMIZATION_LEVEL = "-Onone";
			};
			name = Debug;
		};
		29673D151B4C381300EC2043 /* Release */ = {
			isa = XCBuildConfiguration;
			baseConfigurationReference = 2932A0FC1B52ABE800A71171 /* UniversalFramework_Framework.xcconfig */;
			buildSettings = {
				CLANG_ENABLE_MODULES = YES;
				CURRENT_PROJECT_VERSION = 0.2.0;
				DEFINES_MODULE = YES;
				DYLIB_COMPATIBILITY_VERSION = 1;
				DYLIB_CURRENT_VERSION = "$(CURRENT_PROJECT_VERSION)";
				DYLIB_INSTALL_NAME_BASE = "@rpath";
				FRAMEWORK_SEARCH_PATHS = (
					"$(PLATFORM_DIR)/Developer/Library/Frameworks",
					"$(inherited)",
				);
				INFOPLIST_FILE = src/Info.plist;
				INSTALL_PATH = "$(LOCAL_LIBRARY_DIR)/Frameworks";
				PRODUCT_BUNDLE_IDENTIFIER = de.mariusrackwitz.CatchingFire;
				PRODUCT_NAME = "$(TARGET_NAME)";
				SKIP_INSTALL = YES;
			};
			name = Release;
		};
		29673D171B4C381300EC2043 /* Debug */ = {
			isa = XCBuildConfiguration;
			baseConfigurationReference = 2932A0FD1B52ABE800A71171 /* UniversalFramework_Test.xcconfig */;
			buildSettings = {
				INFOPLIST_FILE = test/Info.plist;
				LD_RUNPATH_SEARCH_PATHS = "$(inherited) @executable_path/Frameworks @loader_path/Frameworks";
				PRODUCT_BUNDLE_IDENTIFIER = de.mariusrackwitz.CatchingFireTests;
				PRODUCT_NAME = "$(TARGET_NAME)";
			};
			name = Debug;
		};
		29673D181B4C381300EC2043 /* Release */ = {
			isa = XCBuildConfiguration;
			baseConfigurationReference = 2932A0FD1B52ABE800A71171 /* UniversalFramework_Test.xcconfig */;
			buildSettings = {
				INFOPLIST_FILE = test/Info.plist;
				LD_RUNPATH_SEARCH_PATHS = "$(inherited) @executable_path/Frameworks @loader_path/Frameworks";
				PRODUCT_BUNDLE_IDENTIFIER = de.mariusrackwitz.CatchingFireTests;
				PRODUCT_NAME = "$(TARGET_NAME)";
			};
			name = Release;
		};
/* End XCBuildConfiguration section */

/* Begin XCConfigurationList section */
		2932A1021B52B45700A71171 /* Build configuration list for PBXAggregateTarget "CatchingFire iOS" */ = {
			isa = XCConfigurationList;
			buildConfigurations = (
				2932A1001B52B45700A71171 /* Debug */,
				2932A1011B52B45700A71171 /* Release */,
			);
			defaultConfigurationIsVisible = 0;
			defaultConfigurationName = Release;
		};
		2932A1081B52B6AE00A71171 /* Build configuration list for PBXAggregateTarget "CatchingFire OS X" */ = {
			isa = XCConfigurationList;
			buildConfigurations = (
				2932A1091B52B6AE00A71171 /* Debug */,
				2932A10A1B52B6AE00A71171 /* Release */,
			);
			defaultConfigurationIsVisible = 0;
			defaultConfigurationName = Release;
		};
		29673CF91B4C381300EC2043 /* Build configuration list for PBXProject "CatchingFire" */ = {
			isa = XCConfigurationList;
			buildConfigurations = (
				29673D111B4C381300EC2043 /* Debug */,
				29673D121B4C381300EC2043 /* Release */,
			);
			defaultConfigurationIsVisible = 0;
			defaultConfigurationName = Release;
		};
		29673D131B4C381300EC2043 /* Build configuration list for PBXNativeTarget "CatchingFire" */ = {
			isa = XCConfigurationList;
			buildConfigurations = (
				29673D141B4C381300EC2043 /* Debug */,
				29673D151B4C381300EC2043 /* Release */,
			);
			defaultConfigurationIsVisible = 0;
			defaultConfigurationName = Release;
		};
		29673D161B4C381300EC2043 /* Build configuration list for PBXNativeTarget "CatchingFireTests" */ = {
			isa = XCConfigurationList;
			buildConfigurations = (
				29673D171B4C381300EC2043 /* Debug */,
				29673D181B4C381300EC2043 /* Release */,
			);
			defaultConfigurationIsVisible = 0;
			defaultConfigurationName = Release;
		};
/* End XCConfigurationList section */
	};
	rootObject = 29673CF61B4C381300EC2043 /* Project object */;
}
